{
  "name": "CI_MS2_Trekkiefans",
  "lockfileVersion": 2,
  "requires": true,
  "packages": {
    "": {
      "dependencies": {
        "@sweetalert2/theme-borderless": "^5.0.2",
        "@sweetalert2/themes": "^5.0.2",
        "sweetalert2": "^11.1.2"
      }
    },
    "node_modules/@sweetalert2/theme-borderless": {
      "version": "5.0.2",
      "resolved": "https://registry.npmjs.org/@sweetalert2/theme-borderless/-/theme-borderless-5.0.2.tgz",
      "integrity": "sha512-8EWgrgowXao03Hs6jwWHT9pAS0/OMy7xcfsULFvbBy12W2mSMgAzu0KTs90Ogf34wynkz75f4iqfPFFzbh8zHg=="
    },
    "node_modules/@sweetalert2/themes": {
      "version": "5.0.2",
      "resolved": "https://registry.npmjs.org/@sweetalert2/themes/-/themes-5.0.2.tgz",
      "integrity": "sha512-6bJZqpVQldGIvrm6WPukX/Mheqww++YAaykzs7uA83LohfLDhHinLg/lMQJI1QVUCg6wpc/M6M1m8ilG+RVJ4g==",
      "peerDependencies": {
        "sweetalert2": "^11.0.0"
      }
    },
    "node_modules/sweetalert2": {
      "version": "11.1.2",
      "resolved": "https://registry.npmjs.org/sweetalert2/-/sweetalert2-11.1.2.tgz",
      "integrity": "sha512-HWPsMlCvA+rJEn7BJH0ovTPr6S5YkxViIgK1YrA2Z3Y5Ghkfk7IOprgmYNi44HWIqN/xoXE73rG9+qG/MgD6Sw==",
      "funding": {
        "url": "https://sweetalert2.github.io/#donations"
      }
    }
  },
  "dependencies": {
    "@sweetalert2/theme-borderless": {
      "version": "5.0.2",
      "resolved": "https://registry.npmjs.org/@sweetalert2/theme-borderless/-/theme-borderless-5.0.2.tgz",
      "integrity": "sha512-8EWgrgowXao03Hs6jwWHT9pAS0/OMy7xcfsULFvbBy12W2mSMgAzu0KTs90Ogf34wynkz75f4iqfPFFzbh8zHg=="
    },
    "@sweetalert2/themes": {
      "version": "5.0.2",
      "resolved": "https://registry.npmjs.org/@sweetalert2/themes/-/themes-5.0.2.tgz",
      "integrity": "sha512-6bJZqpVQldGIvrm6WPukX/Mheqww++YAaykzs7uA83LohfLDhHinLg/lMQJI1QVUCg6wpc/M6M1m8ilG+RVJ4g==",
      "requires": {}
    },
    "sweetalert2": {
      "version": "11.1.2",
      "resolved": "https://registry.npmjs.org/sweetalert2/-/sweetalert2-11.1.2.tgz",
      "integrity": "sha512-HWPsMlCvA+rJEn7BJH0ovTPr6S5YkxViIgK1YrA2Z3Y5Ghkfk7IOprgmYNi44HWIqN/xoXE73rG9+qG/MgD6Sw=="
    }
  }
}
